// !$*UTF8*$!
{
	archiveVersion = 1;
	classes = {
	};
	objectVersion = 50;
	objects = {

/* Begin PBXBuildFile section */
		3B45B59D21293154005CA594 /* AppDelegate.swift in Sources */ = {isa = PBXBuildFile; fileRef = 3B45B59C21293154005CA594 /* AppDelegate.swift */; };
		3B45B5A221293154005CA594 /* Main.storyboard in Resources */ = {isa = PBXBuildFile; fileRef = 3B45B5A021293154005CA594 /* Main.storyboard */; };
		3B45B5A421293154005CA594 /* Assets.xcassets in Resources */ = {isa = PBXBuildFile; fileRef = 3B45B5A321293154005CA594 /* Assets.xcassets */; };
		3B45B5A721293154005CA594 /* LaunchScreen.storyboard in Resources */ = {isa = PBXBuildFile; fileRef = 3B45B5A521293154005CA594 /* LaunchScreen.storyboard */; };
		3B45B5AF212931E1005CA594 /* WeaponsTableViewController.swift in Sources */ = {isa = PBXBuildFile; fileRef = 3B45B5AE212931E1005CA594 /* WeaponsTableViewController.swift */; };
		3B45B5B121293925005CA594 /* CardCell.swift in Sources */ = {isa = PBXBuildFile; fileRef = 3B45B5B021293925005CA594 /* CardCell.swift */; };
		3B45B5B321293E11005CA594 /* UIViewHelper.swift in Sources */ = {isa = PBXBuildFile; fileRef = 3B45B5B221293E11005CA594 /* UIViewHelper.swift */; };
		3BCAC3202129D35900C15E13 /* WeaponDetailViewController.swift in Sources */ = {isa = PBXBuildFile; fileRef = 3BCAC31F2129D35900C15E13 /* WeaponDetailViewController.swift */; };
/* End PBXBuildFile section */

/* Begin PBXFileReference section */
		3B45B59921293153005CA594 /* Weapons.app */ = {isa = PBXFileReference; explicitFileType = wrapper.application; includeInIndex = 0; path = Weapons.app; sourceTree = BUILT_PRODUCTS_DIR; };
		3B45B59C21293154005CA594 /* AppDelegate.swift */ = {isa = PBXFileReference; lastKnownFileType = sourcecode.swift; path = AppDelegate.swift; sourceTree = "<group>"; };
		3B45B5A121293154005CA594 /* Base */ = {isa = PBXFileReference; lastKnownFileType = file.storyboard; name = Base; path = Base.lproj/Main.storyboard; sourceTree = "<group>"; };
		3B45B5A321293154005CA594 /* Assets.xcassets */ = {isa = PBXFileReference; lastKnownFileType = folder.assetcatalog; path = Assets.xcassets; sourceTree = "<group>"; };
		3B45B5A621293154005CA594 /* Base */ = {isa = PBXFileReference; lastKnownFileType = file.storyboard; name = Base; path = Base.lproj/LaunchScreen.storyboard; sourceTree = "<group>"; };
		3B45B5A821293154005CA594 /* Info.plist */ = {isa = PBXFileReference; lastKnownFileType = text.plist.xml; path = Info.plist; sourceTree = "<group>"; };
		3B45B5AE212931E1005CA594 /* WeaponsTableViewController.swift */ = {isa = PBXFileReference; lastKnownFileType = sourcecode.swift; path = WeaponsTableViewController.swift; sourceTree = "<group>"; };
		3B45B5B021293925005CA594 /* CardCell.swift */ = {isa = PBXFileReference; lastKnownFileType = sourcecode.swift; path = CardCell.swift; sourceTree = "<group>"; };
		3B45B5B221293E11005CA594 /* UIViewHelper.swift */ = {isa = PBXFileReference; lastKnownFileType = sourcecode.swift; path = UIViewHelper.swift; sourceTree = "<group>"; };
		3BCAC31F2129D35900C15E13 /* WeaponDetailViewController.swift */ = {isa = PBXFileReference; lastKnownFileType = sourcecode.swift; path = WeaponDetailViewController.swift; sourceTree = "<group>"; };
/* End PBXFileReference section */

/* Begin PBXFrameworksBuildPhase section */
		3B45B59621293153005CA594 /* Frameworks */ = {
			isa = PBXFrameworksBuildPhase;
			buildActionMask = 2147483647;
			files = (
			);
			runOnlyForDeploymentPostprocessing = 0;
		};
/* End PBXFrameworksBuildPhase section */

/* Begin PBXGroup section */
		3B45B59021293153005CA594 = {
			isa = PBXGroup;
			children = (
				3B45B59B21293153005CA594 /* Weapons */,
				3B45B59A21293153005CA594 /* Products */,
			);
			sourceTree = "<group>";
		};
		3B45B59A21293153005CA594 /* Products */ = {
			isa = PBXGroup;
			children = (
				3B45B59921293153005CA594 /* Weapons.app */,
			);
			name = Products;
			sourceTree = "<group>";
		};
		3B45B59B21293153005CA594 /* Weapons */ = {
			isa = PBXGroup;
			children = (
				3B45B59C21293154005CA594 /* AppDelegate.swift */,
				3B45B5A021293154005CA594 /* Main.storyboard */,
				3BCAC31F2129D35900C15E13 /* WeaponDetailViewController.swift */,
				3B45B5B221293E11005CA594 /* UIViewHelper.swift */,
				3B45B5B021293925005CA594 /* CardCell.swift */,
				3B45B5AE212931E1005CA594 /* WeaponsTableViewController.swift */,
				3B45B5A321293154005CA594 /* Assets.xcassets */,
				3B45B5A521293154005CA594 /* LaunchScreen.storyboard */,
				3B45B5A821293154005CA594 /* Info.plist */,
			);
			path = Weapons;
			sourceTree = "<group>";
		};
/* End PBXGroup section */

/* Begin PBXNativeTarget section */
		3B45B59821293153005CA594 /* Weapons */ = {
			isa = PBXNativeTarget;
			buildConfigurationList = 3B45B5AB21293154005CA594 /* Build configuration list for PBXNativeTarget "Weapons" */;
			buildPhases = (
				3B45B59521293153005CA594 /* Sources */,
				3B45B59621293153005CA594 /* Frameworks */,
				3B45B59721293153005CA594 /* Resources */,
			);
			buildRules = (
			);
			dependencies = (
			);
			name = Weapons;
			productName = Weapons;
			productReference = 3B45B59921293153005CA594 /* Weapons.app */;
			productType = "com.apple.product-type.application";
		};
/* End PBXNativeTarget section */

/* Begin PBXProject section */
		3B45B59121293153005CA594 /* Project object */ = {
			isa = PBXProject;
			attributes = {
				LastSwiftUpdateCheck = 0940;
				LastUpgradeCheck = 0940;
				ORGANIZATIONNAME = "梓逸宸";
				TargetAttributes = {
					3B45B59821293153005CA594 = {
						CreatedOnToolsVersion = 9.4.1;
					};
				};
			};
			buildConfigurationList = 3B45B59421293153005CA594 /* Build configuration list for PBXProject "Weapons" */;
			compatibilityVersion = "Xcode 9.3";
			developmentRegion = en;
			hasScannedForEncodings = 0;
			knownRegions = (
				en,
				Base,
			);
			mainGroup = 3B45B59021293153005CA594;
			productRefGroup = 3B45B59A21293153005CA594 /* Products */;
			projectDirPath = "";
			projectRoot = "";
			targets = (
				3B45B59821293153005CA594 /* Weapons */,
			);
		};
/* End PBXProject section */

/* Begin PBXResourcesBuildPhase section */
		3B45B59721293153005CA594 /* Resources */ = {
			isa = PBXResourcesBuildPhase;
			buildActionMask = 2147483647;
			files = (
				3B45B5A721293154005CA594 /* LaunchScreen.storyboard in Resources */,
				3B45B5A421293154005CA594 /* Assets.xcassets in Resources */,
				3B45B5A221293154005CA594 /* Main.storyboard in Resources */,
			);
			runOnlyForDeploymentPostprocessing = 0;
		};
/* End PBXResourcesBuildPhase section */

/* Begin PBXSourcesBuildPhase section */
		3B45B59521293153005CA594 /* Sources */ = {
			isa = PBXSourcesBuildPhase;
			buildActionMask = 2147483647;
			files = (
				3B45B5AF212931E1005CA594 /* WeaponsTableViewController.swift in Sources */,
				3B45B59D21293154005CA594 /* AppDelegate.swift in Sources */,
				3BCAC3202129D35900C15E13 /* WeaponDetailViewController.swift in Sources */,
				3B45B5B321293E11005CA594 /* UIViewHelper.swift in Sources */,
				3B45B5B121293925005CA594 /* CardCell.swift in Sources */,
			);
			runOnlyForDeploymentPostprocessing = 0;
		};
/* End PBXSourcesBuildPhase section */

/* Begin PBXVariantGroup section */
		3B45B5A021293154005CA594 /* Main.storyboard */ = {
			isa = PBXVariantGroup;
			children = (
				3B45B5A121293154005CA594 /* Base */,
			);
			name = Main.storyboard;
			sourceTree = "<group>";
		};
		3B45B5A521293154005CA594 /* LaunchScreen.storyboard */ = {
			isa = PBXVariantGroup;
			children = (
				3B45B5A621293154005CA594 /* Base */,
			);
			name = LaunchScreen.storyboard;
			sourceTree = "<group>";
		};
/* End PBXVariantGroup section */

/* Begin XCBuildConfiguration section */
		3B45B5A921293154005CA594 /* Debug */ = {
			isa = XCBuildConfiguration;
			buildSettings = {
				ALWAYS_SEARCH_USER_PATHS = NO;
				CLANG_ANALYZER_NONNULL = YES;
				CLANG_ANALYZER_NUMBER_OBJECT_CONVERSION = YES_AGGRESSIVE;
				CLANG_CXX_LANGUAGE_STANDARD = "gnu++14";
				CLANG_CXX_LIBRARY = "libc++";
				CLANG_ENABLE_MODULES = YES;
				CLANG_ENABLE_OBJC_ARC = YES;
				CLANG_ENABLE_OBJC_WEAK = YES;
				CLANG_WARN_BLOCK_CAPTURE_AUTORELEASING = YES;
				CLANG_WARN_BOOL_CONVERSION = YES;
				CLANG_WARN_COMMA = YES;
				CLANG_WARN_CONSTANT_CONVERSION = YES;
				CLANG_WARN_DEPRECATED_OBJC_IMPLEMENTATIONS = YES;
				CLANG_WARN_DIRECT_OBJC_ISA_USAGE = YES_ERROR;
				CLANG_WARN_DOCUMENTATION_COMMENTS = YES;
				CLANG_WARN_EMPTY_BODY = YES;
				CLANG_WARN_ENUM_CONVERSION = YES;
				CLANG_WARN_INFINITE_RECURSION = YES;
				CLANG_WARN_INT_CONVERSION = YES;
				CLANG_WARN_NON_LITERAL_NULL_CONVERSION = YES;
				CLANG_WARN_OBJC_IMPLICIT_RETAIN_SELF = YES;
				CLANG_WARN_OBJC_LITERAL_CONVERSION = YES;
				CLANG_WARN_OBJC_ROOT_CLASS = YES_ERROR;
				CLANG_WARN_RANGE_LOOP_ANALYSIS = YES;
				CLANG_WARN_STRICT_PROTOTYPES = YES;
				CLANG_WARN_SUSPICIOUS_MOVE = YES;
				CLANG_WARN_UNGUARDED_AVAILABILITY = YES_AGGRESSIVE;
				CLANG_WARN_UNREACHABLE_CODE = YES;
				CLANG_WARN__DUPLICATE_METHOD_MATCH = YES;
				CODE_SIGN_IDENTITY = "iPhone Developer";
				COPY_PHASE_STRIP = NO;
				DEBUG_INFORMATION_FORMAT = dwarf;
				ENABLE_STRICT_OBJC_MSGSEND = YES;
				ENABLE_TESTABILITY = YES;
				GCC_C_LANGUAGE_STANDARD = gnu11;
				GCC_DYNAMIC_NO_PIC = NO;
				GCC_NO_COMMON_BLOCKS = YES;
				GCC_OPTIMIZATION_LEVEL = 0;
				GCC_PREPROCESSOR_DEFINITIONS = (
					"DEBUG=1",
					"$(inherited)",
				);
				GCC_WARN_64_TO_32_BIT_CONVERSION = YES;
				GCC_WARN_ABOUT_RETURN_TYPE = YES_ERROR;
				GCC_WARN_UNDECLARED_SELECTOR = YES;
				GCC_WARN_UNINITIALIZED_AUTOS = YES_AGGRESSIVE;
				GCC_WARN_UNUSED_FUNCTION = YES;
				GCC_WARN_UNUSED_VARIABLE = YES;
				IPHONEOS_DEPLOYMENT_TARGET = 11.4;
				MTL_ENABLE_DEBUG_INFO = YES;
				ONLY_ACTIVE_ARCH = YES;
				SDKROOT = iphoneos;
				SWIFT_ACTIVE_COMPILATION_CONDITIONS = DEBUG;
				SWIFT_OPTIMIZATION_LEVEL = "-Onone";
			};
			name = Debug;
		};
		3B45B5AA21293154005CA594 /* Release */ = {
			isa = XCBuildConfiguration;
			buildSettings = {
				ALWAYS_SEARCH_USER_PATHS = NO;
				CLANG_ANALYZER_NONNULL = YES;
				CLANG_ANALYZER_NUMBER_OBJECT_CONVERSION = YES_AGGRESSIVE;
				CLANG_CXX_LANGUAGE_STANDARD = "gnu++14";
				CLANG_CXX_LIBRARY = "libc++";
				CLANG_ENABLE_MODULES = YES;
				CLANG_ENABLE_OBJC_ARC = YES;
				CLANG_ENABLE_OBJC_WEAK = YES;
				CLANG_WARN_BLOCK_CAPTURE_AUTORELEASING = YES;
				CLANG_WARN_BOOL_CONVERSION = YES;
				CLANG_WARN_COMMA = YES;
				CLANG_WARN_CONSTANT_CONVERSION = YES;
				CLANG_WARN_DEPRECATED_OBJC_IMPLEMENTATIONS = YES;
				CLANG_WARN_DIRECT_OBJC_ISA_USAGE = YES_ERROR;
				CLANG_WARN_DOCUMENTATION_COMMENTS = YES;
				CLANG_WARN_EMPTY_BODY = YES;
				CLANG_WARN_ENUM_CONVERSION = YES;
				CLANG_WARN_INFINITE_RECURSION = YES;
				CLANG_WARN_INT_CONVERSION = YES;
				CLANG_WARN_NON_LITERAL_NULL_CONVERSION = YES;
				CLANG_WARN_OBJC_IMPLICIT_RETAIN_SELF = YES;
				CLANG_WARN_OBJC_LITERAL_CONVERSION = YES;
				CLANG_WARN_OBJC_ROOT_CLASS = YES_ERROR;
				CLANG_WARN_RANGE_LOOP_ANALYSIS = YES;
				CLANG_WARN_STRICT_PROTOTYPES = YES;
				CLANG_WARN_SUSPICIOUS_MOVE = YES;
				CLANG_WARN_UNGUARDED_AVAILABILITY = YES_AGGRESSIVE;
				CLANG_WARN_UNREACHABLE_CODE = YES;
				CLANG_WARN__DUPLICATE_METHOD_MATCH = YES;
				CODE_SIGN_IDENTITY = "iPhone Developer";
				COPY_PHASE_STRIP = NO;
				DEBUG_INFORMATION_FORMAT = "dwarf-with-dsym";
				ENABLE_NS_ASSERTIONS = NO;
				ENABLE_STRICT_OBJC_MSGSEND = YES;
				GCC_C_LANGUAGE_STANDARD = gnu11;
				GCC_NO_COMMON_BLOCKS = YES;
				GCC_WARN_64_TO_32_BIT_CONVERSION = YES;
				GCC_WARN_ABOUT_RETURN_TYPE = YES_ERROR;
				GCC_WARN_UNDECLARED_SELECTOR = YES;
				GCC_WARN_UNINITIALIZED_AUTOS = YES_AGGRESSIVE;
				GCC_WARN_UNUSED_FUNCTION = YES;
				GCC_WARN_UNUSED_VARIABLE = YES;
				IPHONEOS_DEPLOYMENT_TARGET = 11.4;
				MTL_ENABLE_DEBUG_INFO = NO;
				SDKROOT = iphoneos;
				SWIFT_COMPILATION_MODE = wholemodule;
				SWIFT_OPTIMIZATION_LEVEL = "-O";
				VALIDATE_PRODUCT = YES;
			};
			name = Release;
		};
		3B45B5AC21293154005CA594 /* Debug */ = {
			isa = XCBuildConfiguration;
			buildSettings = {
				ASSETCATALOG_COMPILER_APPICON_NAME = AppIcon;
				CODE_SIGN_STYLE = Automatic;
				INFOPLIST_FILE = Weapons/Info.plist;
				LD_RUNPATH_SEARCH_PATHS = (
					"$(inherited)",
					"@executable_path/Frameworks",
				);
				PRODUCT_BUNDLE_IDENTIFIER = cn.runtofuture.Weapons;
				PRODUCT_NAME = "$(TARGET_NAME)";
				SWIFT_VERSION = 4.0;
				TARGETED_DEVICE_FAMILY = "1,2";
			};
			name = Debug;
		};
		3B45B5AD21293154005CA594 /* Release */ = {
			isa = XCBuildConfiguration;
			buildSettings = {
				ASSETCATALOG_COMPILER_APPICON_NAME = AppIcon;
				CODE_SIGN_STYLE = Automatic;
				INFOPLIST_FILE = Weapons/Info.plist;
				LD_RUNPATH_SEARCH_PATHS = (
					"$(inherited)",
					"@executable_path/Frameworks",
				);
				PRODUCT_BUNDLE_IDENTIFIER = cn.runtofuture.Weapons;
				PRODUCT_NAME = "$(TARGET_NAME)";
				SWIFT_VERSION = 4.0;
				TARGETED_DEVICE_FAMILY = "1,2";
			};
			name = Release;
		};
/* End XCBuildConfiguration section */

/* Begin XCConfigurationList section */
		3B45B59421293153005CA594 /* Build configuration list for PBXProject "Weapons" */ = {
			isa = XCConfigurationList;
			buildConfigurations = (
				3B45B5A921293154005CA594 /* Debug */,
				3B45B5AA21293154005CA594 /* Release */,
			);
			defaultConfigurationIsVisible = 0;
			defaultConfigurationName = Release;
		};
		3B45B5AB21293154005CA594 /* Build configuration list for PBXNativeTarget "Weapons" */ = {
			isa = XCConfigurationList;
			buildConfigurations = (
				3B45B5AC21293154005CA594 /* Debug */,
				3B45B5AD21293154005CA594 /* Release */,
			);
			defaultConfigurationIsVisible = 0;
			defaultConfigurationName = Release;
		};
/* End XCConfigurationList section */
	};
	rootObject = 3B45B59121293153005CA594 /* Project object */;
}
