// !$*UTF8*$!
{
	archiveVersion = 1;
	classes = {
	};
	objectVersion = 48;
	objects = {

/* Begin PBXBuildFile section */
		1D59F3461F25AD540006179D /* explosion.mp3 in Resources */ = {isa = PBXBuildFile; fileRef = 1D59F3411F25AD540006179D /* explosion.mp3 */; };
		1D59F3471F25AD540006179D /* explosion.scnp in Resources */ = {isa = PBXBuildFile; fileRef = 1D59F3421F25AD540006179D /* explosion.scnp */; };
		1D59F3481F25AD540006179D /* spark.png in Resources */ = {isa = PBXBuildFile; fileRef = 1D59F3431F25AD540006179D /* spark.png */; };
		1D59F3491F25AD540006179D /* collision.mp3 in Resources */ = {isa = PBXBuildFile; fileRef = 1D59F3441F25AD540006179D /* collision.mp3 */; };
		1D59F34A1F25AD540006179D /* torpedo.mp3 in Resources */ = {isa = PBXBuildFile; fileRef = 1D59F3451F25AD540006179D /* torpedo.mp3 */; };
		1D59F34E1F25B14B0006179D /* PlaySoundEffect.swift in Sources */ = {isa = PBXBuildFile; fileRef = 1D59F34D1F25B14B0006179D /* PlaySoundEffect.swift */; };
		1DCD929C1F16314C005EA753 /* AppDelegate.swift in Sources */ = {isa = PBXBuildFile; fileRef = 1DCD929B1F16314C005EA753 /* AppDelegate.swift */; };
		1DCD929E1F16314C005EA753 /* ViewController.swift in Sources */ = {isa = PBXBuildFile; fileRef = 1DCD929D1F16314C005EA753 /* ViewController.swift */; };
		1DCD92A11F16314C005EA753 /* Main.storyboard in Resources */ = {isa = PBXBuildFile; fileRef = 1DCD929F1F16314C005EA753 /* Main.storyboard */; };
		1DCD92A31F16314C005EA753 /* Assets.xcassets in Resources */ = {isa = PBXBuildFile; fileRef = 1DCD92A21F16314C005EA753 /* Assets.xcassets */; };
		1DCD92A61F16314C005EA753 /* LaunchScreen.storyboard in Resources */ = {isa = PBXBuildFile; fileRef = 1DCD92A41F16314C005EA753 /* LaunchScreen.storyboard */; };
		1DCD92AF1F163539005EA753 /* Ship.swift in Sources */ = {isa = PBXBuildFile; fileRef = 1DCD92AE1F163539005EA753 /* Ship.swift */; };
		1DCD92B11F163557005EA753 /* Bullet.swift in Sources */ = {isa = PBXBuildFile; fileRef = 1DCD92B01F163557005EA753 /* Bullet.swift */; };
		1DCD92B31F163B85005EA753 /* Masks.swift in Sources */ = {isa = PBXBuildFile; fileRef = 1DCD92B21F163B85005EA753 /* Masks.swift */; };
		1DF11A3A1F1DB068002E7926 /* NewShip.swift in Sources */ = {isa = PBXBuildFile; fileRef = 1DF11A391F1DB068002E7926 /* NewShip.swift */; };
		1DF11A3C1F1DBB8B002E7926 /* NewBullet.swift in Sources */ = {isa = PBXBuildFile; fileRef = 1DF11A3B1F1DBB8B002E7926 /* NewBullet.swift */; };
/* End PBXBuildFile section */

/* Begin PBXFileReference section */
		1D59F3411F25AD540006179D /* explosion.mp3 */ = {isa = PBXFileReference; lastKnownFileType = audio.mp3; path = explosion.mp3; sourceTree = "<group>"; };
		1D59F3421F25AD540006179D /* explosion.scnp */ = {isa = PBXFileReference; lastKnownFileType = file.scp; path = explosion.scnp; sourceTree = "<group>"; };
		1D59F3431F25AD540006179D /* spark.png */ = {isa = PBXFileReference; lastKnownFileType = image.png; path = spark.png; sourceTree = "<group>"; };
		1D59F3441F25AD540006179D /* collision.mp3 */ = {isa = PBXFileReference; lastKnownFileType = audio.mp3; path = collision.mp3; sourceTree = "<group>"; };
		1D59F3451F25AD540006179D /* torpedo.mp3 */ = {isa = PBXFileReference; lastKnownFileType = audio.mp3; path = torpedo.mp3; sourceTree = "<group>"; };
		1D59F34D1F25B14B0006179D /* PlaySoundEffect.swift */ = {isa = PBXFileReference; lastKnownFileType = sourcecode.swift; path = PlaySoundEffect.swift; sourceTree = "<group>"; };
		1DCD92981F16314C005EA753 /* Cube5.app */ = {isa = PBXFileReference; explicitFileType = wrapper.application; includeInIndex = 0; path = Cube5.app; sourceTree = BUILT_PRODUCTS_DIR; };
		1DCD929B1F16314C005EA753 /* AppDelegate.swift */ = {isa = PBXFileReference; lastKnownFileType = sourcecode.swift; path = AppDelegate.swift; sourceTree = "<group>"; };
		1DCD929D1F16314C005EA753 /* ViewController.swift */ = {isa = PBXFileReference; lastKnownFileType = sourcecode.swift; path = ViewController.swift; sourceTree = "<group>"; };
		1DCD92A01F16314C005EA753 /* Base */ = {isa = PBXFileReference; lastKnownFileType = file.storyboard; name = Base; path = Base.lproj/Main.storyboard; sourceTree = "<group>"; };
		1DCD92A21F16314C005EA753 /* Assets.xcassets */ = {isa = PBXFileReference; lastKnownFileType = folder.assetcatalog; path = Assets.xcassets; sourceTree = "<group>"; };
		1DCD92A51F16314C005EA753 /* Base */ = {isa = PBXFileReference; lastKnownFileType = file.storyboard; name = Base; path = Base.lproj/LaunchScreen.storyboard; sourceTree = "<group>"; };
		1DCD92A71F16314C005EA753 /* Info.plist */ = {isa = PBXFileReference; lastKnownFileType = text.plist.xml; path = Info.plist; sourceTree = "<group>"; };
		1DCD92AE1F163539005EA753 /* Ship.swift */ = {isa = PBXFileReference; lastKnownFileType = sourcecode.swift; path = Ship.swift; sourceTree = "<group>"; };
		1DCD92B01F163557005EA753 /* Bullet.swift */ = {isa = PBXFileReference; lastKnownFileType = sourcecode.swift; path = Bullet.swift; sourceTree = "<group>"; };
		1DCD92B21F163B85005EA753 /* Masks.swift */ = {isa = PBXFileReference; lastKnownFileType = sourcecode.swift; path = Masks.swift; sourceTree = "<group>"; };
		1DF11A391F1DB068002E7926 /* NewShip.swift */ = {isa = PBXFileReference; lastKnownFileType = sourcecode.swift; path = NewShip.swift; sourceTree = "<group>"; };
		1DF11A3B1F1DBB8B002E7926 /* NewBullet.swift */ = {isa = PBXFileReference; lastKnownFileType = sourcecode.swift; path = NewBullet.swift; sourceTree = "<group>"; };
/* End PBXFileReference section */

/* Begin PBXFrameworksBuildPhase section */
		1DCD92951F16314C005EA753 /* Frameworks */ = {
			isa = PBXFrameworksBuildPhase;
			buildActionMask = 2147483647;
			files = (
			);
			runOnlyForDeploymentPostprocessing = 0;
		};
/* End PBXFrameworksBuildPhase section */

/* Begin PBXGroup section */
		1D59F3401F25AD540006179D /* resource */ = {
			isa = PBXGroup;
			children = (
				1D59F3411F25AD540006179D /* explosion.mp3 */,
				1D59F3421F25AD540006179D /* explosion.scnp */,
				1D59F3431F25AD540006179D /* spark.png */,
				1D59F3441F25AD540006179D /* collision.mp3 */,
				1D59F3451F25AD540006179D /* torpedo.mp3 */,
			);
			name = resource;
			path = ../../resource;
			sourceTree = "<group>";
		};
		1DCD928F1F16314C005EA753 = {
			isa = PBXGroup;
			children = (
				1DCD929A1F16314C005EA753 /* Cube5 */,
				1DCD92991F16314C005EA753 /* Products */,
			);
			sourceTree = "<group>";
		};
		1DCD92991F16314C005EA753 /* Products */ = {
			isa = PBXGroup;
			children = (
				1DCD92981F16314C005EA753 /* Cube5.app */,
			);
			name = Products;
			sourceTree = "<group>";
		};
		1DCD929A1F16314C005EA753 /* Cube5 */ = {
			isa = PBXGroup;
			children = (
				1DCD92AD1F16351B005EA753 /* Model */,
				1DCD929B1F16314C005EA753 /* AppDelegate.swift */,
				1DF11A381F1DB04F002E7926 /* Service */,
				1DCD929D1F16314C005EA753 /* ViewController.swift */,
				1DCD929F1F16314C005EA753 /* Main.storyboard */,
				1D59F3401F25AD540006179D /* resource */,
				1DCD92A21F16314C005EA753 /* Assets.xcassets */,
				1DCD92A41F16314C005EA753 /* LaunchScreen.storyboard */,
				1DCD92A71F16314C005EA753 /* Info.plist */,
			);
			path = Cube5;
			sourceTree = "<group>";
		};
		1DCD92AD1F16351B005EA753 /* Model */ = {
			isa = PBXGroup;
			children = (
				1DCD92AE1F163539005EA753 /* Ship.swift */,
				1DCD92B21F163B85005EA753 /* Masks.swift */,
				1DCD92B01F163557005EA753 /* Bullet.swift */,
			);
			path = Model;
			sourceTree = "<group>";
		};
		1DF11A381F1DB04F002E7926 /* Service */ = {
			isa = PBXGroup;
			children = (
				1DF11A391F1DB068002E7926 /* NewShip.swift */,
				1DF11A3B1F1DBB8B002E7926 /* NewBullet.swift */,
				1D59F34D1F25B14B0006179D /* PlaySoundEffect.swift */,
			);
			name = Service;
			path = "New Group";
			sourceTree = "<group>";
		};
/* End PBXGroup section */

/* Begin PBXNativeTarget section */
		1DCD92971F16314C005EA753 /* Cube5 */ = {
			isa = PBXNativeTarget;
			buildConfigurationList = 1DCD92AA1F16314C005EA753 /* Build configuration list for PBXNativeTarget "Cube5" */;
			buildPhases = (
				1DCD92941F16314C005EA753 /* Sources */,
				1DCD92951F16314C005EA753 /* Frameworks */,
				1DCD92961F16314C005EA753 /* Resources */,
			);
			buildRules = (
			);
			dependencies = (
			);
			name = Cube5;
			productName = Cube5;
			productReference = 1DCD92981F16314C005EA753 /* Cube5.app */;
			productType = "com.apple.product-type.application";
		};
/* End PBXNativeTarget section */

/* Begin PBXProject section */
		1DCD92901F16314C005EA753 /* Project object */ = {
			isa = PBXProject;
			attributes = {
				LastSwiftUpdateCheck = 0900;
				LastUpgradeCheck = 0900;
				ORGANIZATIONNAME = xiaobo;
				TargetAttributes = {
					1DCD92971F16314C005EA753 = {
						CreatedOnToolsVersion = 9.0;
					};
				};
			};
			buildConfigurationList = 1DCD92931F16314C005EA753 /* Build configuration list for PBXProject "Cube5" */;
			compatibilityVersion = "Xcode 8.0";
			developmentRegion = en;
			hasScannedForEncodings = 0;
			knownRegions = (
				en,
				Base,
			);
			mainGroup = 1DCD928F1F16314C005EA753;
			productRefGroup = 1DCD92991F16314C005EA753 /* Products */;
			projectDirPath = "";
			projectRoot = "";
			targets = (
				1DCD92971F16314C005EA753 /* Cube5 */,
			);
		};
/* End PBXProject section */

/* Begin PBXResourcesBuildPhase section */
		1DCD92961F16314C005EA753 /* Resources */ = {
			isa = PBXResourcesBuildPhase;
			buildActionMask = 2147483647;
			files = (
				1D59F3461F25AD540006179D /* explosion.mp3 in Resources */,
				1D59F3491F25AD540006179D /* collision.mp3 in Resources */,
				1D59F3481F25AD540006179D /* spark.png in Resources */,
				1DCD92A61F16314C005EA753 /* LaunchScreen.storyboard in Resources */,
				1DCD92A31F16314C005EA753 /* Assets.xcassets in Resources */,
				1DCD92A11F16314C005EA753 /* Main.storyboard in Resources */,
				1D59F34A1F25AD540006179D /* torpedo.mp3 in Resources */,
				1D59F3471F25AD540006179D /* explosion.scnp in Resources */,
			);
			runOnlyForDeploymentPostprocessing = 0;
		};
/* End PBXResourcesBuildPhase section */

/* Begin PBXSourcesBuildPhase section */
		1DCD92941F16314C005EA753 /* Sources */ = {
			isa = PBXSourcesBuildPhase;
			buildActionMask = 2147483647;
			files = (
				1DF11A3A1F1DB068002E7926 /* NewShip.swift in Sources */,
				1DF11A3C1F1DBB8B002E7926 /* NewBullet.swift in Sources */,
				1DCD929E1F16314C005EA753 /* ViewController.swift in Sources */,
				1DCD92B31F163B85005EA753 /* Masks.swift in Sources */,
				1D59F34E1F25B14B0006179D /* PlaySoundEffect.swift in Sources */,
				1DCD92AF1F163539005EA753 /* Ship.swift in Sources */,
				1DCD929C1F16314C005EA753 /* AppDelegate.swift in Sources */,
				1DCD92B11F163557005EA753 /* Bullet.swift in Sources */,
			);
			runOnlyForDeploymentPostprocessing = 0;
		};
/* End PBXSourcesBuildPhase section */

/* Begin PBXVariantGroup section */
		1DCD929F1F16314C005EA753 /* Main.storyboard */ = {
			isa = PBXVariantGroup;
			children = (
				1DCD92A01F16314C005EA753 /* Base */,
			);
			name = Main.storyboard;
			sourceTree = "<group>";
		};
		1DCD92A41F16314C005EA753 /* LaunchScreen.storyboard */ = {
			isa = PBXVariantGroup;
			children = (
				1DCD92A51F16314C005EA753 /* Base */,
			);
			name = LaunchScreen.storyboard;
			sourceTree = "<group>";
		};
/* End PBXVariantGroup section */

/* Begin XCBuildConfiguration section */
		1DCD92A81F16314C005EA753 /* Debug */ = {
			isa = XCBuildConfiguration;
			buildSettings = {
				ALWAYS_SEARCH_USER_PATHS = NO;
				CLANG_ANALYZER_NONNULL = YES;
				CLANG_ANALYZER_NUMBER_OBJECT_CONVERSION = YES_AGGRESSIVE;
				CLANG_CXX_LANGUAGE_STANDARD = "gnu++14";
				CLANG_CXX_LIBRARY = "libc++";
				CLANG_ENABLE_MODULES = YES;
				CLANG_ENABLE_OBJC_ARC = YES;
				CLANG_WARN_BLOCK_CAPTURE_AUTORELEASING = YES;
				CLANG_WARN_BOOL_CONVERSION = YES;
				CLANG_WARN_COMMA = YES;
				CLANG_WARN_CONSTANT_CONVERSION = YES;
				CLANG_WARN_DIRECT_OBJC_ISA_USAGE = YES_ERROR;
				CLANG_WARN_DOCUMENTATION_COMMENTS = YES;
				CLANG_WARN_EMPTY_BODY = YES;
				CLANG_WARN_ENUM_CONVERSION = YES;
				CLANG_WARN_INFINITE_RECURSION = YES;
				CLANG_WARN_INT_CONVERSION = YES;
				CLANG_WARN_NON_LITERAL_NULL_CONVERSION = YES;
				CLANG_WARN_OBJC_LITERAL_CONVERSION = YES;
				CLANG_WARN_OBJC_ROOT_CLASS = YES_ERROR;
				CLANG_WARN_RANGE_LOOP_ANALYSIS = YES;
				CLANG_WARN_STRICT_PROTOTYPES = YES;
				CLANG_WARN_SUSPICIOUS_MOVE = YES;
				CLANG_WARN_UNGUARDED_AVAILABILITY = YES_AGGRESSIVE;
				CLANG_WARN_UNREACHABLE_CODE = YES;
				CLANG_WARN__DUPLICATE_METHOD_MATCH = YES;
				CODE_SIGN_IDENTITY = "iPhone Developer";
				COPY_PHASE_STRIP = NO;
				DEBUG_INFORMATION_FORMAT = dwarf;
				ENABLE_STRICT_OBJC_MSGSEND = YES;
				ENABLE_TESTABILITY = YES;
				GCC_C_LANGUAGE_STANDARD = gnu11;
				GCC_DYNAMIC_NO_PIC = NO;
				GCC_NO_COMMON_BLOCKS = YES;
				GCC_OPTIMIZATION_LEVEL = 0;
				GCC_PREPROCESSOR_DEFINITIONS = (
					"DEBUG=1",
					"$(inherited)",
				);
				GCC_WARN_64_TO_32_BIT_CONVERSION = YES;
				GCC_WARN_ABOUT_RETURN_TYPE = YES_ERROR;
				GCC_WARN_UNDECLARED_SELECTOR = YES;
				GCC_WARN_UNINITIALIZED_AUTOS = YES_AGGRESSIVE;
				GCC_WARN_UNUSED_FUNCTION = YES;
				GCC_WARN_UNUSED_VARIABLE = YES;
				IPHONEOS_DEPLOYMENT_TARGET = 11.0;
				MTL_ENABLE_DEBUG_INFO = YES;
				ONLY_ACTIVE_ARCH = YES;
				SDKROOT = iphoneos;
				SWIFT_ACTIVE_COMPILATION_CONDITIONS = DEBUG;
				SWIFT_OPTIMIZATION_LEVEL = "-Onone";
			};
			name = Debug;
		};
		1DCD92A91F16314C005EA753 /* Release */ = {
			isa = XCBuildConfiguration;
			buildSettings = {
				ALWAYS_SEARCH_USER_PATHS = NO;
				CLANG_ANALYZER_NONNULL = YES;
				CLANG_ANALYZER_NUMBER_OBJECT_CONVERSION = YES_AGGRESSIVE;
				CLANG_CXX_LANGUAGE_STANDARD = "gnu++14";
				CLANG_CXX_LIBRARY = "libc++";
				CLANG_ENABLE_MODULES = YES;
				CLANG_ENABLE_OBJC_ARC = YES;
				CLANG_WARN_BLOCK_CAPTURE_AUTORELEASING = YES;
				CLANG_WARN_BOOL_CONVERSION = YES;
				CLANG_WARN_COMMA = YES;
				CLANG_WARN_CONSTANT_CONVERSION = YES;
				CLANG_WARN_DIRECT_OBJC_ISA_USAGE = YES_ERROR;
				CLANG_WARN_DOCUMENTATION_COMMENTS = YES;
				CLANG_WARN_EMPTY_BODY = YES;
				CLANG_WARN_ENUM_CONVERSION = YES;
				CLANG_WARN_INFINITE_RECURSION = YES;
				CLANG_WARN_INT_CONVERSION = YES;
				CLANG_WARN_NON_LITERAL_NULL_CONVERSION = YES;
				CLANG_WARN_OBJC_LITERAL_CONVERSION = YES;
				CLANG_WARN_OBJC_ROOT_CLASS = YES_ERROR;
				CLANG_WARN_RANGE_LOOP_ANALYSIS = YES;
				CLANG_WARN_STRICT_PROTOTYPES = YES;
				CLANG_WARN_SUSPICIOUS_MOVE = YES;
				CLANG_WARN_UNGUARDED_AVAILABILITY = YES_AGGRESSIVE;
				CLANG_WARN_UNREACHABLE_CODE = YES;
				CLANG_WARN__DUPLICATE_METHOD_MATCH = YES;
				CODE_SIGN_IDENTITY = "iPhone Developer";
				COPY_PHASE_STRIP = NO;
				DEBUG_INFORMATION_FORMAT = "dwarf-with-dsym";
				ENABLE_NS_ASSERTIONS = NO;
				ENABLE_STRICT_OBJC_MSGSEND = YES;
				GCC_C_LANGUAGE_STANDARD = gnu11;
				GCC_NO_COMMON_BLOCKS = YES;
				GCC_WARN_64_TO_32_BIT_CONVERSION = YES;
				GCC_WARN_ABOUT_RETURN_TYPE = YES_ERROR;
				GCC_WARN_UNDECLARED_SELECTOR = YES;
				GCC_WARN_UNINITIALIZED_AUTOS = YES_AGGRESSIVE;
				GCC_WARN_UNUSED_FUNCTION = YES;
				GCC_WARN_UNUSED_VARIABLE = YES;
				IPHONEOS_DEPLOYMENT_TARGET = 11.0;
				MTL_ENABLE_DEBUG_INFO = NO;
				SDKROOT = iphoneos;
				SWIFT_OPTIMIZATION_LEVEL = "-Owholemodule";
				VALIDATE_PRODUCT = YES;
			};
			name = Release;
		};
		1DCD92AB1F16314C005EA753 /* Debug */ = {
			isa = XCBuildConfiguration;
			buildSettings = {
				ASSETCATALOG_COMPILER_APPICON_NAME = AppIcon;
				DEVELOPMENT_TEAM = F968HGSK43;
				INFOPLIST_FILE = Cube5/Info.plist;
				LD_RUNPATH_SEARCH_PATHS = "$(inherited) @executable_path/Frameworks";
				PRODUCT_BUNDLE_IDENTIFIER = cn.runtofuture;
				PRODUCT_NAME = "$(TARGET_NAME)";
				SWIFT_VERSION = 4.0;
				TARGETED_DEVICE_FAMILY = "1,2";
			};
			name = Debug;
		};
		1DCD92AC1F16314C005EA753 /* Release */ = {
			isa = XCBuildConfiguration;
			buildSettings = {
				ASSETCATALOG_COMPILER_APPICON_NAME = AppIcon;
				DEVELOPMENT_TEAM = F968HGSK43;
				INFOPLIST_FILE = Cube5/Info.plist;
				LD_RUNPATH_SEARCH_PATHS = "$(inherited) @executable_path/Frameworks";
				PRODUCT_BUNDLE_IDENTIFIER = cn.runtofuture;
				PRODUCT_NAME = "$(TARGET_NAME)";
				SWIFT_VERSION = 4.0;
				TARGETED_DEVICE_FAMILY = "1,2";
			};
			name = Release;
		};
/* End XCBuildConfiguration section */

/* Begin XCConfigurationList section */
		1DCD92931F16314C005EA753 /* Build configuration list for PBXProject "Cube5" */ = {
			isa = XCConfigurationList;
			buildConfigurations = (
				1DCD92A81F16314C005EA753 /* Debug */,
				1DCD92A91F16314C005EA753 /* Release */,
			);
			defaultConfigurationIsVisible = 0;
			defaultConfigurationName = Release;
		};
		1DCD92AA1F16314C005EA753 /* Build configuration list for PBXNativeTarget "Cube5" */ = {
			isa = XCConfigurationList;
			buildConfigurations = (
				1DCD92AB1F16314C005EA753 /* Debug */,
				1DCD92AC1F16314C005EA753 /* Release */,
			);
			defaultConfigurationIsVisible = 0;
			defaultConfigurationName = Release;
		};
/* End XCConfigurationList section */
	};
	rootObject = 1DCD92901F16314C005EA753 /* Project object */;
}
